
Microsoft Visual Studio Solution File, Format Version 12.00
# Visual Studio 2013
VisualStudioVersion = 12.0.30723.0
MinimumVisualStudioVersion = 10.0.40219.1
Project("{2150E333-8FDC-42A3-9474-1A3956D46DE8}") = "Web", "Web", "{1AB6886E-D662-4FD5-81DD-8F032CE50509}"
EndProject
Project("{2150E333-8FDC-42A3-9474-1A3956D46DE8}") = "Data", "Data", "{AD7DA3B2-163C-40C3-91E5-A56853180E61}"
EndProject
Project("{2150E333-8FDC-42A3-9474-1A3956D46DE8}") = "Logic", "Logic", "{33181659-8E97-45BD-9CE6-C8B1F6EECEA4}"
EndProject
Project("{2150E333-8FDC-42A3-9474-1A3956D46DE8}") = "Tests", "Tests", "{6B36CA1F-BA10-4173-8E45-567B83177128}"
EndProject
Project("{FAE04EC0-301F-11D3-BF4B-00C04F79EFBC}") = "VoiceWall.Web", "Web\VoiceWall.Web\VoiceWall.Web.csproj", "{F4A5EE8B-3014-49C4-9079-02CE597C04D8}"
EndProject
Project("{FAE04EC0-301F-11D3-BF4B-00C04F79EFBC}") = "VoiceWall.Data", "Data\VoiceWall.Data\VoiceWall.Data.csproj", "{09299D1D-4396-46FD-B501-58C5BC97E4A5}"
EndProject
Project("{FAE04EC0-301F-11D3-BF4B-00C04F79EFBC}") = "VoiceWall.Data.Common", "Data\VoiceWall.Data.Common\VoiceWall.Data.Common.csproj", "{549481AA-0C89-4E41-93B3-FC64D02C8832}"
EndProject
Project("{FAE04EC0-301F-11D3-BF4B-00C04F79EFBC}") = "VoiceWall.Data.Models", "Data\VoiceWall.Data.Models\VoiceWall.Data.Models.csproj", "{6480B90C-BCF9-427F-98DA-8E2E747112DD}"
EndProject
Project("{FAE04EC0-301F-11D3-BF4B-00C04F79EFBC}") = "VoiceWall.Web.Infrastructure", "Web\VoiceWall.Web.Infrastructure\VoiceWall.Web.Infrastructure.csproj", "{598FB15E-28A6-4C76-A383-F504CA3025BA}"
EndProject
Project("{2150E333-8FDC-42A3-9474-1A3956D46DE8}") = "Upload", "Upload", "{1E19BC30-1A20-4036-8C8C-3641C4EC603B}"
EndProject
Project("{FAE04EC0-301F-11D3-BF4B-00C04F79EFBC}") = "VoiceWall.CloudStorage.Dropbox", "Upload\VoiceWall.CloudStorage.Dropbox\VoiceWall.CloudStorage.Dropbox.csproj", "{8BCA326C-60EF-47A9-82EF-723A27045A32}"
EndProject
Project("{FAE04EC0-301F-11D3-BF4B-00C04F79EFBC}") = "VoiceWall.CloudStorage.Common", "Upload\VoiceWall.CloudStorage.Common\VoiceWall.CloudStorage.Common.csproj", "{FC6754CB-7AD5-40F6-96CA-1FA537A1B85B}"
EndProject
Project("{FAE04EC0-301F-11D3-BF4B-00C04F79EFBC}") = "VoiceWall.CloudStorage.TelerikBackend", "Upload\VoiceWall.CloudStorage.TelerikBackend\VoiceWall.CloudStorage.TelerikBackend.csproj", "{CE5E337E-7527-41B2-97BA-2AF56650E1F8}"
EndProject
Project("{2150E333-8FDC-42A3-9474-1A3956D46DE8}") = "Common", "Common", "{3AD09D41-1C10-490A-B488-8CE15BB504DC}"
EndProject
Project("{FAE04EC0-301F-11D3-BF4B-00C04F79EFBC}") = "VoiceWall.Common.ExtensionMethods", "Common\VoiceWall.Common.ExtensionMethods\VoiceWall.Common.ExtensionMethods.csproj", "{E9F3818E-0D1B-4701-9ABC-E16E592D78F3}"
EndProject
Project("{FAE04EC0-301F-11D3-BF4B-00C04F79EFBC}") = "VoiceWall.Common", "Common\VoiceWall.Common\VoiceWall.Common.csproj", "{974A8ACB-2858-4706-8176-27840E4FBDDA}"
EndProject
Project("{2150E333-8FDC-42A3-9474-1A3956D46DE8}") = "Services", "Services", "{1B384CD7-8C6C-4BAC-9B24-351604E555FC}"
EndProject
Project("{FAE04EC0-301F-11D3-BF4B-00C04F79EFBC}") = "VoiceWall.Services.Common", "Services\VoiceWall.Services.Common\VoiceWall.Services.Common.csproj", "{2C93F2A5-C793-4DB3-8838-2376C66EE75A}"
EndProject
Project("{FAE04EC0-301F-11D3-BF4B-00C04F79EFBC}") = "VoiceWall.Services.Logic", "Services\VoiceWall.Services.Logic\VoiceWall.Services.Logic.csproj", "{2EF8813F-C9C0-4133-BF88-4DFA650AEF89}"
EndProject
Project("{FAE04EC0-301F-11D3-BF4B-00C04F79EFBC}") = "VoiceWall.Services.Generator", "Services\VoiceWall.Services.Generator\VoiceWall.Services.Generator.csproj", "{E68DCCB8-BB7C-4FCD-8790-53DE5DF68F6A}"
EndProject
Project("{FAE04EC0-301F-11D3-BF4B-00C04F79EFBC}") = "VoiceWall.Services.Fetcher", "Services\VoiceWall.Services.Fetcher\VoiceWall.Services.Fetcher.csproj", "{8E79CA49-708A-4ADE-B3C7-90CD9B31D10D}"
EndProject
Project("{FAE04EC0-301F-11D3-BF4B-00C04F79EFBC}") = "VoiceWall.Services.Users", "Services\VoiceWall.Services.Users\VoiceWall.Services.Users.csproj", "{8CB78BFC-CAAC-4203-88B0-085891D8E4C7}"
EndProject
Global
	GlobalSection(SolutionConfigurationPlatforms) = preSolution
		Debug|Any CPU = Debug|Any CPU
		Release|Any CPU = Release|Any CPU
	EndGlobalSection
	GlobalSection(ProjectConfigurationPlatforms) = postSolution
		{F4A5EE8B-3014-49C4-9079-02CE597C04D8}.Debug|Any CPU.ActiveCfg = Debug|Any CPU
		{F4A5EE8B-3014-49C4-9079-02CE597C04D8}.Debug|Any CPU.Build.0 = Debug|Any CPU
		{F4A5EE8B-3014-49C4-9079-02CE597C04D8}.Release|Any CPU.ActiveCfg = Release|Any CPU
		{F4A5EE8B-3014-49C4-9079-02CE597C04D8}.Release|Any CPU.Build.0 = Release|Any CPU
		{09299D1D-4396-46FD-B501-58C5BC97E4A5}.Debug|Any CPU.ActiveCfg = Debug|Any CPU
		{09299D1D-4396-46FD-B501-58C5BC97E4A5}.Debug|Any CPU.Build.0 = Debug|Any CPU
		{09299D1D-4396-46FD-B501-58C5BC97E4A5}.Release|Any CPU.ActiveCfg = Release|Any CPU
		{09299D1D-4396-46FD-B501-58C5BC97E4A5}.Release|Any CPU.Build.0 = Release|Any CPU
		{549481AA-0C89-4E41-93B3-FC64D02C8832}.Debug|Any CPU.ActiveCfg = Debug|Any CPU
		{549481AA-0C89-4E41-93B3-FC64D02C8832}.Debug|Any CPU.Build.0 = Debug|Any CPU
		{549481AA-0C89-4E41-93B3-FC64D02C8832}.Release|Any CPU.ActiveCfg = Release|Any CPU
		{549481AA-0C89-4E41-93B3-FC64D02C8832}.Release|Any CPU.Build.0 = Release|Any CPU
		{6480B90C-BCF9-427F-98DA-8E2E747112DD}.Debug|Any CPU.ActiveCfg = Debug|Any CPU
		{6480B90C-BCF9-427F-98DA-8E2E747112DD}.Debug|Any CPU.Build.0 = Debug|Any CPU
		{6480B90C-BCF9-427F-98DA-8E2E747112DD}.Release|Any CPU.ActiveCfg = Release|Any CPU
		{6480B90C-BCF9-427F-98DA-8E2E747112DD}.Release|Any CPU.Build.0 = Release|Any CPU
		{598FB15E-28A6-4C76-A383-F504CA3025BA}.Debug|Any CPU.ActiveCfg = Debug|Any CPU
		{598FB15E-28A6-4C76-A383-F504CA3025BA}.Debug|Any CPU.Build.0 = Debug|Any CPU
		{598FB15E-28A6-4C76-A383-F504CA3025BA}.Release|Any CPU.ActiveCfg = Release|Any CPU
		{598FB15E-28A6-4C76-A383-F504CA3025BA}.Release|Any CPU.Build.0 = Release|Any CPU
		{8BCA326C-60EF-47A9-82EF-723A27045A32}.Debug|Any CPU.ActiveCfg = Debug|Any CPU
		{8BCA326C-60EF-47A9-82EF-723A27045A32}.Debug|Any CPU.Build.0 = Debug|Any CPU
		{8BCA326C-60EF-47A9-82EF-723A27045A32}.Release|Any CPU.ActiveCfg = Release|Any CPU
		{8BCA326C-60EF-47A9-82EF-723A27045A32}.Release|Any CPU.Build.0 = Release|Any CPU
		{FC6754CB-7AD5-40F6-96CA-1FA537A1B85B}.Debug|Any CPU.ActiveCfg = Debug|Any CPU
		{FC6754CB-7AD5-40F6-96CA-1FA537A1B85B}.Debug|Any CPU.Build.0 = Debug|Any CPU
		{FC6754CB-7AD5-40F6-96CA-1FA537A1B85B}.Release|Any CPU.ActiveCfg = Release|Any CPU
		{FC6754CB-7AD5-40F6-96CA-1FA537A1B85B}.Release|Any CPU.Build.0 = Release|Any CPU
		{CE5E337E-7527-41B2-97BA-2AF56650E1F8}.Debug|Any CPU.ActiveCfg = Debug|Any CPU
		{CE5E337E-7527-41B2-97BA-2AF56650E1F8}.Debug|Any CPU.Build.0 = Debug|Any CPU
		{CE5E337E-7527-41B2-97BA-2AF56650E1F8}.Release|Any CPU.ActiveCfg = Release|Any CPU
		{CE5E337E-7527-41B2-97BA-2AF56650E1F8}.Release|Any CPU.Build.0 = Release|Any CPU
		{E9F3818E-0D1B-4701-9ABC-E16E592D78F3}.Debug|Any CPU.ActiveCfg = Debug|Any CPU
		{E9F3818E-0D1B-4701-9ABC-E16E592D78F3}.Debug|Any CPU.Build.0 = Debug|Any CPU
		{E9F3818E-0D1B-4701-9ABC-E16E592D78F3}.Release|Any CPU.ActiveCfg = Release|Any CPU
		{E9F3818E-0D1B-4701-9ABC-E16E592D78F3}.Release|Any CPU.Build.0 = Release|Any CPU
		{974A8ACB-2858-4706-8176-27840E4FBDDA}.Debug|Any CPU.ActiveCfg = Debug|Any CPU
		{974A8ACB-2858-4706-8176-27840E4FBDDA}.Debug|Any CPU.Build.0 = Debug|Any CPU
		{974A8ACB-2858-4706-8176-27840E4FBDDA}.Release|Any CPU.ActiveCfg = Release|Any CPU
		{974A8ACB-2858-4706-8176-27840E4FBDDA}.Release|Any CPU.Build.0 = Release|Any CPU
		{2C93F2A5-C793-4DB3-8838-2376C66EE75A}.Debug|Any CPU.ActiveCfg = Debug|Any CPU
		{2C93F2A5-C793-4DB3-8838-2376C66EE75A}.Debug|Any CPU.Build.0 = Debug|Any CPU
		{2C93F2A5-C793-4DB3-8838-2376C66EE75A}.Release|Any CPU.ActiveCfg = Release|Any CPU
		{2C93F2A5-C793-4DB3-8838-2376C66EE75A}.Release|Any CPU.Build.0 = Release|Any CPU
		{2EF8813F-C9C0-4133-BF88-4DFA650AEF89}.Debug|Any CPU.ActiveCfg = Debug|Any CPU
		{2EF8813F-C9C0-4133-BF88-4DFA650AEF89}.Debug|Any CPU.Build.0 = Debug|Any CPU
		{2EF8813F-C9C0-4133-BF88-4DFA650AEF89}.Release|Any CPU.ActiveCfg = Release|Any CPU
		{2EF8813F-C9C0-4133-BF88-4DFA650AEF89}.Release|Any CPU.Build.0 = Release|Any CPU
		{E68DCCB8-BB7C-4FCD-8790-53DE5DF68F6A}.Debug|Any CPU.ActiveCfg = Debug|Any CPU
		{E68DCCB8-BB7C-4FCD-8790-53DE5DF68F6A}.Debug|Any CPU.Build.0 = Debug|Any CPU
		{E68DCCB8-BB7C-4FCD-8790-53DE5DF68F6A}.Release|Any CPU.ActiveCfg = Release|Any CPU
		{E68DCCB8-BB7C-4FCD-8790-53DE5DF68F6A}.Release|Any CPU.Build.0 = Release|Any CPU
		{8E79CA49-708A-4ADE-B3C7-90CD9B31D10D}.Debug|Any CPU.ActiveCfg = Debug|Any CPU
		{8E79CA49-708A-4ADE-B3C7-90CD9B31D10D}.Debug|Any CPU.Build.0 = Debug|Any CPU
		{8E79CA49-708A-4ADE-B3C7-90CD9B31D10D}.Release|Any CPU.ActiveCfg = Release|Any CPU
		{8E79CA49-708A-4ADE-B3C7-90CD9B31D10D}.Release|Any CPU.Build.0 = Release|Any CPU
		{8CB78BFC-CAAC-4203-88B0-085891D8E4C7}.Debug|Any CPU.ActiveCfg = Debug|Any CPU
		{8CB78BFC-CAAC-4203-88B0-085891D8E4C7}.Debug|Any CPU.Build.0 = Debug|Any CPU
		{8CB78BFC-CAAC-4203-88B0-085891D8E4C7}.Release|Any CPU.ActiveCfg = Release|Any CPU
		{8CB78BFC-CAAC-4203-88B0-085891D8E4C7}.Release|Any CPU.Build.0 = Release|Any CPU
	EndGlobalSection
	GlobalSection(SolutionProperties) = preSolution
		HideSolutionNode = FALSE
	EndGlobalSection
	GlobalSection(NestedProjects) = preSolution
		{F4A5EE8B-3014-49C4-9079-02CE597C04D8} = {1AB6886E-D662-4FD5-81DD-8F032CE50509}
		{09299D1D-4396-46FD-B501-58C5BC97E4A5} = {AD7DA3B2-163C-40C3-91E5-A56853180E61}
		{549481AA-0C89-4E41-93B3-FC64D02C8832} = {AD7DA3B2-163C-40C3-91E5-A56853180E61}
		{6480B90C-BCF9-427F-98DA-8E2E747112DD} = {AD7DA3B2-163C-40C3-91E5-A56853180E61}
		{598FB15E-28A6-4C76-A383-F504CA3025BA} = {1AB6886E-D662-4FD5-81DD-8F032CE50509}
		{8BCA326C-60EF-47A9-82EF-723A27045A32} = {1E19BC30-1A20-4036-8C8C-3641C4EC603B}
		{FC6754CB-7AD5-40F6-96CA-1FA537A1B85B} = {1E19BC30-1A20-4036-8C8C-3641C4EC603B}
		{CE5E337E-7527-41B2-97BA-2AF56650E1F8} = {1E19BC30-1A20-4036-8C8C-3641C4EC603B}
		{E9F3818E-0D1B-4701-9ABC-E16E592D78F3} = {3AD09D41-1C10-490A-B488-8CE15BB504DC}
		{974A8ACB-2858-4706-8176-27840E4FBDDA} = {3AD09D41-1C10-490A-B488-8CE15BB504DC}
		{2C93F2A5-C793-4DB3-8838-2376C66EE75A} = {1B384CD7-8C6C-4BAC-9B24-351604E555FC}
		{2EF8813F-C9C0-4133-BF88-4DFA650AEF89} = {1B384CD7-8C6C-4BAC-9B24-351604E555FC}
		{E68DCCB8-BB7C-4FCD-8790-53DE5DF68F6A} = {1B384CD7-8C6C-4BAC-9B24-351604E555FC}
		{8E79CA49-708A-4ADE-B3C7-90CD9B31D10D} = {1B384CD7-8C6C-4BAC-9B24-351604E555FC}
		{8CB78BFC-CAAC-4203-88B0-085891D8E4C7} = {1B384CD7-8C6C-4BAC-9B24-351604E555FC}
	EndGlobalSection
EndGlobal
